
Microsoft Visual Studio Solution File, Format Version 12.00
# Visual Studio 2015
Project("{FAE04EC0-301F-11D3-BF4B-00C04F79EFBC}") = "Marker Module", "Marker Module.csproj", "{0416B39C-EDE5-9728-AE0C-9BE73B3F9E15}"
EndProject
Project("{FAE04EC0-301F-11D3-BF4B-00C04F79EFBC}") = "Marker Module.Editor", "Marker Module.Editor.csproj", "{9C35405B-BC41-4E6A-37E3-7422E8C9E16A}"
EndProject
Global
	GlobalSection(SolutionConfigurationPlatforms) = preSolution
		Debug|Any CPU = Debug|Any CPU
		Release|Any CPU = Release|Any CPU
	EndGlobalSection
	GlobalSection(ProjectConfigurationPlatforms) = postSolution
		{0416B39C-EDE5-9728-AE0C-9BE73B3F9E15}.Debug|Any CPU.ActiveCfg = Debug|Any CPU
		{0416B39C-EDE5-9728-AE0C-9BE73B3F9E15}.Debug|Any CPU.Build.0 = Debug|Any CPU
		{0416B39C-EDE5-9728-AE0C-9BE73B3F9E15}.Release|Any CPU.ActiveCfg = Release|Any CPU
		{0416B39C-EDE5-9728-AE0C-9BE73B3F9E15}.Release|Any CPU.Build.0 = Release|Any CPU
		{9C35405B-BC41-4E6A-37E3-7422E8C9E16A}.Debug|Any CPU.ActiveCfg = Debug|Any CPU
		{9C35405B-BC41-4E6A-37E3-7422E8C9E16A}.Debug|Any CPU.Build.0 = Debug|Any CPU
		{9C35405B-BC41-4E6A-37E3-7422E8C9E16A}.Release|Any CPU.ActiveCfg = Release|Any CPU
		{9C35405B-BC41-4E6A-37E3-7422E8C9E16A}.Release|Any CPU.Build.0 = Release|Any CPU
	EndGlobalSection
	GlobalSection(SolutionProperties) = preSolution
		HideSolutionNode = FALSE
	EndGlobalSection
EndGlobal
